
Microsoft Visual Studio Solution File, Format Version 12.00
# Visual Studio 14
VisualStudioVersion = 14.0.25123.0
MinimumVisualStudioVersion = 10.0.40219.1
Project("{FAE04EC0-301F-11D3-BF4B-00C04F79EFBC}") = "CAPTCHACracker", "CAPTCHACracker\CAPTCHACracker.csproj", "{A0A30C2B-FFF7-4793-87E2-B1E25FAC35CA}"
EndProject
Project("{FAE04EC0-301F-11D3-BF4B-00C04F79EFBC}") = "CAPTCHAGenerator", "CAPTCHAGenerator\CAPTCHAGenerator.csproj", "{645A11BB-E1F9-40FE-8E38-9FB69A49A43F}"
EndProject
Project("{FAE04EC0-301F-11D3-BF4B-00C04F79EFBC}") = "ImageBindingDemo", "..\..\..\..\Users\KWan\Downloads\ImageBindingDemo\ImageBindingDemo\ImageBindingDemo\ImageBindingDemo.csproj", "{322FBD22-8BAB-4EED-9848-D029A6F49E23}"
EndProject
Global
	GlobalSection(SolutionConfigurationPlatforms) = preSolution
		Debug|Any CPU = Debug|Any CPU
		Release|Any CPU = Release|Any CPU
	EndGlobalSection
	GlobalSection(ProjectConfigurationPlatforms) = postSolution
		{A0A30C2B-FFF7-4793-87E2-B1E25FAC35CA}.Debug|Any CPU.ActiveCfg = Debug|Any CPU
		{A0A30C2B-FFF7-4793-87E2-B1E25FAC35CA}.Debug|Any CPU.Build.0 = Debug|Any CPU
		{A0A30C2B-FFF7-4793-87E2-B1E25FAC35CA}.Release|Any CPU.ActiveCfg = Release|Any CPU
		{A0A30C2B-FFF7-4793-87E2-B1E25FAC35CA}.Release|Any CPU.Build.0 = Release|Any CPU
		{645A11BB-E1F9-40FE-8E38-9FB69A49A43F}.Debug|Any CPU.ActiveCfg = Debug|Any CPU
		{645A11BB-E1F9-40FE-8E38-9FB69A49A43F}.Debug|Any CPU.Build.0 = Debug|Any CPU
		{645A11BB-E1F9-40FE-8E38-9FB69A49A43F}.Release|Any CPU.ActiveCfg = Release|Any CPU
		{645A11BB-E1F9-40FE-8E38-9FB69A49A43F}.Release|Any CPU.Build.0 = Release|Any CPU
		{322FBD22-8BAB-4EED-9848-D029A6F49E23}.Debug|Any CPU.ActiveCfg = Debug|Any CPU
		{322FBD22-8BAB-4EED-9848-D029A6F49E23}.Debug|Any CPU.Build.0 = Debug|Any CPU
		{322FBD22-8BAB-4EED-9848-D029A6F49E23}.Release|Any CPU.ActiveCfg = Release|Any CPU
		{322FBD22-8BAB-4EED-9848-D029A6F49E23}.Release|Any CPU.Build.0 = Release|Any CPU
	EndGlobalSection
	GlobalSection(SolutionProperties) = preSolution
		HideSolutionNode = FALSE
	EndGlobalSection
EndGlobal
